
Microsoft Visual Studio Solution File, Format Version 12.00
# Visual Studio Version 16
VisualStudioVersion = 16.0.30128.74
MinimumVisualStudioVersion = 10.0.40219.1
Project("{FAE04EC0-301F-11D3-BF4B-00C04F79EFBC}") = "ModulesTest", "ModulesTest\ModulesTest.csproj", "{32454988-012F-42DD-86D5-14627537EB1A}"
EndProject
Project("{FAE04EC0-301F-11D3-BF4B-00C04F79EFBC}") = "ModuleA", "ModuleA\ModuleA.csproj", "{648DED45-C717-488D-948D-74A70982C551}"
EndProject
Project("{FAE04EC0-301F-11D3-BF4B-00C04F79EFBC}") = "ModuleB", "ModuleB\ModuleB.csproj", "{6FA00612-0CC2-4AD3-AF00-7458569448E6}"
EndProject
Global
	GlobalSection(SolutionConfigurationPlatforms) = preSolution
		Debug|Any CPU = Debug|Any CPU
		Release|Any CPU = Release|Any CPU
	EndGlobalSection
	GlobalSection(ProjectConfigurationPlatforms) = postSolution
		{32454988-012F-42DD-86D5-14627537EB1A}.Debug|Any CPU.ActiveCfg = Debug|Any CPU
		{32454988-012F-42DD-86D5-14627537EB1A}.Debug|Any CPU.Build.0 = Debug|Any CPU
		{32454988-012F-42DD-86D5-14627537EB1A}.Release|Any CPU.ActiveCfg = Release|Any CPU
		{32454988-012F-42DD-86D5-14627537EB1A}.Release|Any CPU.Build.0 = Release|Any CPU
		{648DED45-C717-488D-948D-74A70982C551}.Debug|Any CPU.ActiveCfg = Debug|Any CPU
		{648DED45-C717-488D-948D-74A70982C551}.Debug|Any CPU.Build.0 = Debug|Any CPU
		{648DED45-C717-488D-948D-74A70982C551}.Release|Any CPU.ActiveCfg = Release|Any CPU
		{648DED45-C717-488D-948D-74A70982C551}.Release|Any CPU.Build.0 = Release|Any CPU
		{6FA00612-0CC2-4AD3-AF00-7458569448E6}.Debug|Any CPU.ActiveCfg = Debug|Any CPU
		{6FA00612-0CC2-4AD3-AF00-7458569448E6}.Debug|Any CPU.Build.0 = Debug|Any CPU
		{6FA00612-0CC2-4AD3-AF00-7458569448E6}.Release|Any CPU.ActiveCfg = Release|Any CPU
		{6FA00612-0CC2-4AD3-AF00-7458569448E6}.Release|Any CPU.Build.0 = Release|Any CPU
	EndGlobalSection
	GlobalSection(SolutionProperties) = preSolution
		HideSolutionNode = FALSE
	EndGlobalSection
	GlobalSection(ExtensibilityGlobals) = postSolution
		SolutionGuid = {56042678-C0C6-4A23-9AFC-E4F602F8A165}
	EndGlobalSection
EndGlobal
